
Microsoft Visual Studio Solution File, Format Version 12.00
# Visual Studio 15
VisualStudioVersion = 15.0.27703.2026
MinimumVisualStudioVersion = 10.0.40219.1
Project("{FAE04EC0-301F-11D3-BF4B-00C04F79EFBC}") = "TestMovieDB.Android", "TestMovieDB\TestMovieDB.Android\TestMovieDB.Android.csproj", "{269FF50B-21B1-4C36-8DF7-C17241A2B74F}"
EndProject
Project("{9A19103F-16F7-4668-BE54-9A1E7A4F7556}") = "TestMovieDB", "TestMovieDB\TestMovieDB\TestMovieDB.csproj", "{C01D64CB-AC8E-4A46-A48A-0764694488BB}"
EndProject
Project("{FAE04EC0-301F-11D3-BF4B-00C04F79EFBC}") = "MovieLibrary", "MovieLibrary\MovieLibrary.csproj", "{19462752-8D39-4AE1-9136-40A4CF6A009C}"
EndProject
Global
	GlobalSection(SolutionConfigurationPlatforms) = preSolution
		Ad-Hoc|Any CPU = Ad-Hoc|Any CPU
		Ad-Hoc|iPhone = Ad-Hoc|iPhone
		Ad-Hoc|iPhoneSimulator = Ad-Hoc|iPhoneSimulator
		AppStore|Any CPU = AppStore|Any CPU
		AppStore|iPhone = AppStore|iPhone
		AppStore|iPhoneSimulator = AppStore|iPhoneSimulator
		Debug|Any CPU = Debug|Any CPU
		Debug|iPhone = Debug|iPhone
		Debug|iPhoneSimulator = Debug|iPhoneSimulator
		Release|Any CPU = Release|Any CPU
		Release|iPhone = Release|iPhone
		Release|iPhoneSimulator = Release|iPhoneSimulator
	EndGlobalSection
	GlobalSection(ProjectConfigurationPlatforms) = postSolution
		{269FF50B-21B1-4C36-8DF7-C17241A2B74F}.Ad-Hoc|Any CPU.ActiveCfg = Release|Any CPU
		{269FF50B-21B1-4C36-8DF7-C17241A2B74F}.Ad-Hoc|Any CPU.Build.0 = Release|Any CPU
		{269FF50B-21B1-4C36-8DF7-C17241A2B74F}.Ad-Hoc|Any CPU.Deploy.0 = Release|Any CPU
		{269FF50B-21B1-4C36-8DF7-C17241A2B74F}.Ad-Hoc|iPhone.ActiveCfg = Release|Any CPU
		{269FF50B-21B1-4C36-8DF7-C17241A2B74F}.Ad-Hoc|iPhone.Build.0 = Release|Any CPU
		{269FF50B-21B1-4C36-8DF7-C17241A2B74F}.Ad-Hoc|iPhone.Deploy.0 = Release|Any CPU
		{269FF50B-21B1-4C36-8DF7-C17241A2B74F}.Ad-Hoc|iPhoneSimulator.ActiveCfg = Release|Any CPU
		{269FF50B-21B1-4C36-8DF7-C17241A2B74F}.Ad-Hoc|iPhoneSimulator.Build.0 = Release|Any CPU
		{269FF50B-21B1-4C36-8DF7-C17241A2B74F}.Ad-Hoc|iPhoneSimulator.Deploy.0 = Release|Any CPU
		{269FF50B-21B1-4C36-8DF7-C17241A2B74F}.AppStore|Any CPU.ActiveCfg = Release|Any CPU
		{269FF50B-21B1-4C36-8DF7-C17241A2B74F}.AppStore|Any CPU.Build.0 = Release|Any CPU
		{269FF50B-21B1-4C36-8DF7-C17241A2B74F}.AppStore|Any CPU.Deploy.0 = Release|Any CPU
		{269FF50B-21B1-4C36-8DF7-C17241A2B74F}.AppStore|iPhone.ActiveCfg = Release|Any CPU
		{269FF50B-21B1-4C36-8DF7-C17241A2B74F}.AppStore|iPhone.Build.0 = Release|Any CPU
		{269FF50B-21B1-4C36-8DF7-C17241A2B74F}.AppStore|iPhone.Deploy.0 = Release|Any CPU
		{269FF50B-21B1-4C36-8DF7-C17241A2B74F}.AppStore|iPhoneSimulator.ActiveCfg = Release|Any CPU
		{269FF50B-21B1-4C36-8DF7-C17241A2B74F}.AppStore|iPhoneSimulator.Build.0 = Release|Any CPU
		{269FF50B-21B1-4C36-8DF7-C17241A2B74F}.AppStore|iPhoneSimulator.Deploy.0 = Release|Any CPU
		{269FF50B-21B1-4C36-8DF7-C17241A2B74F}.Debug|Any CPU.ActiveCfg = Debug|Any CPU
		{269FF50B-21B1-4C36-8DF7-C17241A2B74F}.Debug|Any CPU.Build.0 = Debug|Any CPU
		{269FF50B-21B1-4C36-8DF7-C17241A2B74F}.Debug|Any CPU.Deploy.0 = Debug|Any CPU
		{269FF50B-21B1-4C36-8DF7-C17241A2B74F}.Debug|iPhone.ActiveCfg = Debug|Any CPU
		{269FF50B-21B1-4C36-8DF7-C17241A2B74F}.Debug|iPhone.Build.0 = Debug|Any CPU
		{269FF50B-21B1-4C36-8DF7-C17241A2B74F}.Debug|iPhone.Deploy.0 = Debug|Any CPU
		{269FF50B-21B1-4C36-8DF7-C17241A2B74F}.Debug|iPhoneSimulator.ActiveCfg = Debug|Any CPU
		{269FF50B-21B1-4C36-8DF7-C17241A2B74F}.Debug|iPhoneSimulator.Build.0 = Debug|Any CPU
		{269FF50B-21B1-4C36-8DF7-C17241A2B74F}.Debug|iPhoneSimulator.Deploy.0 = Debug|Any CPU
		{269FF50B-21B1-4C36-8DF7-C17241A2B74F}.Release|Any CPU.ActiveCfg = Release|Any CPU
		{269FF50B-21B1-4C36-8DF7-C17241A2B74F}.Release|Any CPU.Build.0 = Release|Any CPU
		{269FF50B-21B1-4C36-8DF7-C17241A2B74F}.Release|Any CPU.Deploy.0 = Release|Any CPU
		{269FF50B-21B1-4C36-8DF7-C17241A2B74F}.Release|iPhone.ActiveCfg = Release|Any CPU
		{269FF50B-21B1-4C36-8DF7-C17241A2B74F}.Release|iPhone.Build.0 = Release|Any CPU
		{269FF50B-21B1-4C36-8DF7-C17241A2B74F}.Release|iPhone.Deploy.0 = Release|Any CPU
		{269FF50B-21B1-4C36-8DF7-C17241A2B74F}.Release|iPhoneSimulator.ActiveCfg = Release|Any CPU
		{269FF50B-21B1-4C36-8DF7-C17241A2B74F}.Release|iPhoneSimulator.Build.0 = Release|Any CPU
		{269FF50B-21B1-4C36-8DF7-C17241A2B74F}.Release|iPhoneSimulator.Deploy.0 = Release|Any CPU
		{C01D64CB-AC8E-4A46-A48A-0764694488BB}.Ad-Hoc|Any CPU.ActiveCfg = Debug|Any CPU
		{C01D64CB-AC8E-4A46-A48A-0764694488BB}.Ad-Hoc|Any CPU.Build.0 = Debug|Any CPU
		{C01D64CB-AC8E-4A46-A48A-0764694488BB}.Ad-Hoc|Any CPU.Deploy.0 = Debug|Any CPU
		{C01D64CB-AC8E-4A46-A48A-0764694488BB}.Ad-Hoc|iPhone.ActiveCfg = Debug|Any CPU
		{C01D64CB-AC8E-4A46-A48A-0764694488BB}.Ad-Hoc|iPhone.Build.0 = Debug|Any CPU
		{C01D64CB-AC8E-4A46-A48A-0764694488BB}.Ad-Hoc|iPhone.Deploy.0 = Debug|Any CPU
		{C01D64CB-AC8E-4A46-A48A-0764694488BB}.Ad-Hoc|iPhoneSimulator.ActiveCfg = Debug|Any CPU
		{C01D64CB-AC8E-4A46-A48A-0764694488BB}.Ad-Hoc|iPhoneSimulator.Build.0 = Debug|Any CPU
		{C01D64CB-AC8E-4A46-A48A-0764694488BB}.Ad-Hoc|iPhoneSimulator.Deploy.0 = Debug|Any CPU
		{C01D64CB-AC8E-4A46-A48A-0764694488BB}.AppStore|Any CPU.ActiveCfg = Debug|Any CPU
		{C01D64CB-AC8E-4A46-A48A-0764694488BB}.AppStore|Any CPU.Build.0 = Debug|Any CPU
		{C01D64CB-AC8E-4A46-A48A-0764694488BB}.AppStore|Any CPU.Deploy.0 = Debug|Any CPU
		{C01D64CB-AC8E-4A46-A48A-0764694488BB}.AppStore|iPhone.ActiveCfg = Debug|Any CPU
		{C01D64CB-AC8E-4A46-A48A-0764694488BB}.AppStore|iPhone.Build.0 = Debug|Any CPU
		{C01D64CB-AC8E-4A46-A48A-0764694488BB}.AppStore|iPhone.Deploy.0 = Debug|Any CPU
		{C01D64CB-AC8E-4A46-A48A-0764694488BB}.AppStore|iPhoneSimulator.ActiveCfg = Debug|Any CPU
		{C01D64CB-AC8E-4A46-A48A-0764694488BB}.AppStore|iPhoneSimulator.Build.0 = Debug|Any CPU
		{C01D64CB-AC8E-4A46-A48A-0764694488BB}.AppStore|iPhoneSimulator.Deploy.0 = Debug|Any CPU
		{C01D64CB-AC8E-4A46-A48A-0764694488BB}.Debug|Any CPU.ActiveCfg = Debug|Any CPU
		{C01D64CB-AC8E-4A46-A48A-0764694488BB}.Debug|Any CPU.Build.0 = Debug|Any CPU
		{C01D64CB-AC8E-4A46-A48A-0764694488BB}.Debug|Any CPU.Deploy.0 = Debug|Any CPU
		{C01D64CB-AC8E-4A46-A48A-0764694488BB}.Debug|iPhone.ActiveCfg = Debug|Any CPU
		{C01D64CB-AC8E-4A46-A48A-0764694488BB}.Debug|iPhone.Build.0 = Debug|Any CPU
		{C01D64CB-AC8E-4A46-A48A-0764694488BB}.Debug|iPhone.Deploy.0 = Debug|Any CPU
		{C01D64CB-AC8E-4A46-A48A-0764694488BB}.Debug|iPhoneSimulator.ActiveCfg = Debug|Any CPU
		{C01D64CB-AC8E-4A46-A48A-0764694488BB}.Debug|iPhoneSimulator.Build.0 = Debug|Any CPU
		{C01D64CB-AC8E-4A46-A48A-0764694488BB}.Debug|iPhoneSimulator.Deploy.0 = Debug|Any CPU
		{C01D64CB-AC8E-4A46-A48A-0764694488BB}.Release|Any CPU.ActiveCfg = Release|Any CPU
		{C01D64CB-AC8E-4A46-A48A-0764694488BB}.Release|Any CPU.Build.0 = Release|Any CPU
		{C01D64CB-AC8E-4A46-A48A-0764694488BB}.Release|Any CPU.Deploy.0 = Release|Any CPU
		{C01D64CB-AC8E-4A46-A48A-0764694488BB}.Release|iPhone.ActiveCfg = Release|Any CPU
		{C01D64CB-AC8E-4A46-A48A-0764694488BB}.Release|iPhone.Build.0 = Release|Any CPU
		{C01D64CB-AC8E-4A46-A48A-0764694488BB}.Release|iPhone.Deploy.0 = Release|Any CPU
		{C01D64CB-AC8E-4A46-A48A-0764694488BB}.Release|iPhoneSimulator.ActiveCfg = Release|Any CPU
		{C01D64CB-AC8E-4A46-A48A-0764694488BB}.Release|iPhoneSimulator.Build.0 = Release|Any CPU
		{C01D64CB-AC8E-4A46-A48A-0764694488BB}.Release|iPhoneSimulator.Deploy.0 = Release|Any CPU
		{19462752-8D39-4AE1-9136-40A4CF6A009C}.Ad-Hoc|Any CPU.ActiveCfg = Debug|Any CPU
		{19462752-8D39-4AE1-9136-40A4CF6A009C}.Ad-Hoc|Any CPU.Build.0 = Debug|Any CPU
		{19462752-8D39-4AE1-9136-40A4CF6A009C}.Ad-Hoc|iPhone.ActiveCfg = Debug|Any CPU
		{19462752-8D39-4AE1-9136-40A4CF6A009C}.Ad-Hoc|iPhone.Build.0 = Debug|Any CPU
		{19462752-8D39-4AE1-9136-40A4CF6A009C}.Ad-Hoc|iPhoneSimulator.ActiveCfg = Debug|Any CPU
		{19462752-8D39-4AE1-9136-40A4CF6A009C}.Ad-Hoc|iPhoneSimulator.Build.0 = Debug|Any CPU
		{19462752-8D39-4AE1-9136-40A4CF6A009C}.AppStore|Any CPU.ActiveCfg = Debug|Any CPU
		{19462752-8D39-4AE1-9136-40A4CF6A009C}.AppStore|Any CPU.Build.0 = Debug|Any CPU
		{19462752-8D39-4AE1-9136-40A4CF6A009C}.AppStore|iPhone.ActiveCfg = Debug|Any CPU
		{19462752-8D39-4AE1-9136-40A4CF6A009C}.AppStore|iPhone.Build.0 = Debug|Any CPU
		{19462752-8D39-4AE1-9136-40A4CF6A009C}.AppStore|iPhoneSimulator.ActiveCfg = Debug|Any CPU
		{19462752-8D39-4AE1-9136-40A4CF6A009C}.AppStore|iPhoneSimulator.Build.0 = Debug|Any CPU
		{19462752-8D39-4AE1-9136-40A4CF6A009C}.Debug|Any CPU.ActiveCfg = Debug|Any CPU
		{19462752-8D39-4AE1-9136-40A4CF6A009C}.Debug|Any CPU.Build.0 = Debug|Any CPU
		{19462752-8D39-4AE1-9136-40A4CF6A009C}.Debug|iPhone.ActiveCfg = Debug|Any CPU
		{19462752-8D39-4AE1-9136-40A4CF6A009C}.Debug|iPhone.Build.0 = Debug|Any CPU
		{19462752-8D39-4AE1-9136-40A4CF6A009C}.Debug|iPhoneSimulator.ActiveCfg = Debug|Any CPU
		{19462752-8D39-4AE1-9136-40A4CF6A009C}.Debug|iPhoneSimulator.Build.0 = Debug|Any CPU
		{19462752-8D39-4AE1-9136-40A4CF6A009C}.Release|Any CPU.ActiveCfg = Release|Any CPU
		{19462752-8D39-4AE1-9136-40A4CF6A009C}.Release|Any CPU.Build.0 = Release|Any CPU
		{19462752-8D39-4AE1-9136-40A4CF6A009C}.Release|iPhone.ActiveCfg = Release|Any CPU
		{19462752-8D39-4AE1-9136-40A4CF6A009C}.Release|iPhone.Build.0 = Release|Any CPU
		{19462752-8D39-4AE1-9136-40A4CF6A009C}.Release|iPhoneSimulator.ActiveCfg = Release|Any CPU
		{19462752-8D39-4AE1-9136-40A4CF6A009C}.Release|iPhoneSimulator.Build.0 = Release|Any CPU
	EndGlobalSection
	GlobalSection(SolutionProperties) = preSolution
		HideSolutionNode = FALSE
	EndGlobalSection
	GlobalSection(ExtensibilityGlobals) = postSolution
		SolutionGuid = {8170B25D-AE82-43BD-AE0E-B863145B976C}
	EndGlobalSection
EndGlobal
